// !$*UTF8*$!
{
	archiveVersion = 1;
	classes = {
	};
	objectVersion = 46;
	objects = {

/* Begin PBXBuildFile section */
		0CB1B0B21D47E6AF00AC6BF5 /* Protocols.swift in Sources */ = {isa = PBXBuildFile; fileRef = 0CB1B0B11D47E6AF00AC6BF5 /* Protocols.swift */; };
		0CB3AEE81D4A9F4200452E10 /* StatisticsViewController.swift in Sources */ = {isa = PBXBuildFile; fileRef = 0CB3AEE71D4A9F4200452E10 /* StatisticsViewController.swift */; };
		0CB546AA1D45A892000FD9C0 /* AppDelegate.swift in Sources */ = {isa = PBXBuildFile; fileRef = 0CB546A91D45A892000FD9C0 /* AppDelegate.swift */; };
		0CB546AC1D45A892000FD9C0 /* InstrumentationViewController.swift in Sources */ = {isa = PBXBuildFile; fileRef = 0CB546AB1D45A892000FD9C0 /* InstrumentationViewController.swift */; };
		0CB546AE1D45A892000FD9C0 /* SimulationViewController.swift in Sources */ = {isa = PBXBuildFile; fileRef = 0CB546AD1D45A892000FD9C0 /* SimulationViewController.swift */; };
		0CB546B11D45A892000FD9C0 /* Main.storyboard in Resources */ = {isa = PBXBuildFile; fileRef = 0CB546AF1D45A892000FD9C0 /* Main.storyboard */; };
		0CB546B31D45A892000FD9C0 /* Assets.xcassets in Resources */ = {isa = PBXBuildFile; fileRef = 0CB546B21D45A892000FD9C0 /* Assets.xcassets */; };
		0CB546B61D45A892000FD9C0 /* LaunchScreen.storyboard in Resources */ = {isa = PBXBuildFile; fileRef = 0CB546B41D45A892000FD9C0 /* LaunchScreen.storyboard */; };
		0CB546BE1D45ACD5000FD9C0 /* Engine.swift in Sources */ = {isa = PBXBuildFile; fileRef = 0CB546BD1D45ACD5000FD9C0 /* Engine.swift */; };
		688380F31D4D31F600341C96 /* Fetcher.swift in Sources */ = {isa = PBXBuildFile; fileRef = 688380F21D4D31F600341C96 /* Fetcher.swift */; };
		688380F51D4D331800341C96 /* EditViewController.swift in Sources */ = {isa = PBXBuildFile; fileRef = 688380F41D4D331800341C96 /* EditViewController.swift */; };
		688380F71D4D345500341C96 /* TableView.swift in Sources */ = {isa = PBXBuildFile; fileRef = 688380F61D4D345500341C96 /* TableView.swift */; };
		688380F91D4D594400341C96 /* GridEditViewController.swift in Sources */ = {isa = PBXBuildFile; fileRef = 688380F81D4D594400341C96 /* GridEditViewController.swift */; };
		68A322EE1D4BDDB200DEF1B0 /* GridView.swift in Sources */ = {isa = PBXBuildFile; fileRef = 68A322ED1D4BDDB200DEF1B0 /* GridView.swift */; };
/* End PBXBuildFile section */

/* Begin PBXFileReference section */
		0CB1B0B11D47E6AF00AC6BF5 /* Protocols.swift */ = {isa = PBXFileReference; fileEncoding = 4; lastKnownFileType = sourcecode.swift; path = Protocols.swift; sourceTree = "<group>"; };
		0CB3AEE71D4A9F4200452E10 /* StatisticsViewController.swift */ = {isa = PBXFileReference; fileEncoding = 4; lastKnownFileType = sourcecode.swift; path = StatisticsViewController.swift; sourceTree = "<group>"; };
		0CB546A61D45A892000FD9C0 /* FinalProject.app */ = {isa = PBXFileReference; explicitFileType = wrapper.application; includeInIndex = 0; path = FinalProject.app; sourceTree = BUILT_PRODUCTS_DIR; };
		0CB546A91D45A892000FD9C0 /* AppDelegate.swift */ = {isa = PBXFileReference; lastKnownFileType = sourcecode.swift; path = AppDelegate.swift; sourceTree = "<group>"; };
		0CB546AB1D45A892000FD9C0 /* InstrumentationViewController.swift */ = {isa = PBXFileReference; lastKnownFileType = sourcecode.swift; path = InstrumentationViewController.swift; sourceTree = "<group>"; };
		0CB546AD1D45A892000FD9C0 /* SimulationViewController.swift */ = {isa = PBXFileReference; lastKnownFileType = sourcecode.swift; path = SimulationViewController.swift; sourceTree = "<group>"; };
		0CB546B01D45A892000FD9C0 /* Base */ = {isa = PBXFileReference; lastKnownFileType = file.storyboard; name = Base; path = Base.lproj/Main.storyboard; sourceTree = "<group>"; };
		0CB546B21D45A892000FD9C0 /* Assets.xcassets */ = {isa = PBXFileReference; lastKnownFileType = folder.assetcatalog; path = Assets.xcassets; sourceTree = "<group>"; };
		0CB546B51D45A892000FD9C0 /* Base */ = {isa = PBXFileReference; lastKnownFileType = file.storyboard; name = Base; path = Base.lproj/LaunchScreen.storyboard; sourceTree = "<group>"; };
		0CB546B71D45A892000FD9C0 /* Info.plist */ = {isa = PBXFileReference; lastKnownFileType = text.plist.xml; path = Info.plist; sourceTree = "<group>"; };
		0CB546BD1D45ACD5000FD9C0 /* Engine.swift */ = {isa = PBXFileReference; fileEncoding = 4; lastKnownFileType = sourcecode.swift; path = Engine.swift; sourceTree = "<group>"; };
		688380F21D4D31F600341C96 /* Fetcher.swift */ = {isa = PBXFileReference; fileEncoding = 4; lastKnownFileType = sourcecode.swift; path = Fetcher.swift; sourceTree = "<group>"; };
		688380F41D4D331800341C96 /* EditViewController.swift */ = {isa = PBXFileReference; fileEncoding = 4; lastKnownFileType = sourcecode.swift; path = EditViewController.swift; sourceTree = "<group>"; };
		688380F61D4D345500341C96 /* TableView.swift */ = {isa = PBXFileReference; fileEncoding = 4; lastKnownFileType = sourcecode.swift; path = TableView.swift; sourceTree = "<group>"; };
		688380F81D4D594400341C96 /* GridEditViewController.swift */ = {isa = PBXFileReference; fileEncoding = 4; lastKnownFileType = sourcecode.swift; path = GridEditViewController.swift; sourceTree = "<group>"; };
		68A322ED1D4BDDB200DEF1B0 /* GridView.swift */ = {isa = PBXFileReference; fileEncoding = 4; lastKnownFileType = sourcecode.swift; path = GridView.swift; sourceTree = "<group>"; };
/* End PBXFileReference section */

/* Begin PBXFrameworksBuildPhase section */
		0CB546A31D45A892000FD9C0 /* Frameworks */ = {
			isa = PBXFrameworksBuildPhase;
			buildActionMask = 2147483647;
			files = (
			);
			runOnlyForDeploymentPostprocessing = 0;
		};
/* End PBXFrameworksBuildPhase section */

/* Begin PBXGroup section */
		0CB5469D1D45A892000FD9C0 = {
			isa = PBXGroup;
			children = (
				0CB546A81D45A892000FD9C0 /* FinalProject */,
				0CB546A71D45A892000FD9C0 /* Products */,
			);
			sourceTree = "<group>";
		};
		0CB546A71D45A892000FD9C0 /* Products */ = {
			isa = PBXGroup;
			children = (
				0CB546A61D45A892000FD9C0 /* FinalProject.app */,
			);
			name = Products;
			sourceTree = "<group>";
		};
		0CB546A81D45A892000FD9C0 /* FinalProject */ = {
			isa = PBXGroup;
			children = (
				0CB546A91D45A892000FD9C0 /* AppDelegate.swift */,
				0CB546AB1D45A892000FD9C0 /* InstrumentationViewController.swift */,
				0CB546AD1D45A892000FD9C0 /* SimulationViewController.swift */,
				0CB3AEE71D4A9F4200452E10 /* StatisticsViewController.swift */,
				688380F81D4D594400341C96 /* GridEditViewController.swift */,
				688380F61D4D345500341C96 /* TableView.swift */,
				0CB546AF1D45A892000FD9C0 /* Main.storyboard */,
				688380F21D4D31F600341C96 /* Fetcher.swift */,
				68A322ED1D4BDDB200DEF1B0 /* GridView.swift */,
				0CB546BD1D45ACD5000FD9C0 /* Engine.swift */,
				0CB1B0B11D47E6AF00AC6BF5 /* Protocols.swift */,
				688380F41D4D331800341C96 /* EditViewController.swift */,
				0CB546B21D45A892000FD9C0 /* Assets.xcassets */,
				0CB546B41D45A892000FD9C0 /* LaunchScreen.storyboard */,
				0CB546B71D45A892000FD9C0 /* Info.plist */,
			);
			path = FinalProject;
			sourceTree = "<group>";
		};
/* End PBXGroup section */

/* Begin PBXNativeTarget section */
		0CB546A51D45A892000FD9C0 /* FinalProject */ = {
			isa = PBXNativeTarget;
			buildConfigurationList = 0CB546BA1D45A892000FD9C0 /* Build configuration list for PBXNativeTarget "FinalProject" */;
			buildPhases = (
				0CB546A21D45A892000FD9C0 /* Sources */,
				0CB546A31D45A892000FD9C0 /* Frameworks */,
				0CB546A41D45A892000FD9C0 /* Resources */,
			);
			buildRules = (
			);
			dependencies = (
			);
			name = FinalProject;
			productName = FinalProject;
			productReference = 0CB546A61D45A892000FD9C0 /* FinalProject.app */;
			productType = "com.apple.product-type.application";
		};
/* End PBXNativeTarget section */

/* Begin PBXProject section */
		0CB5469E1D45A892000FD9C0 /* Project object */ = {
			isa = PBXProject;
			attributes = {
				LastSwiftUpdateCheck = 0730;
				LastUpgradeCheck = 0730;
				ORGANIZATIONNAME = "Taby Corp";
				TargetAttributes = {
					0CB546A51D45A892000FD9C0 = {
						CreatedOnToolsVersion = 7.3.1;
					};
				};
			};
			buildConfigurationList = 0CB546A11D45A892000FD9C0 /* Build configuration list for PBXProject "FinalProject" */;
			compatibilityVersion = "Xcode 3.2";
			developmentRegion = English;
			hasScannedForEncodings = 0;
			knownRegions = (
				en,
				Base,
			);
			mainGroup = 0CB5469D1D45A892000FD9C0;
			productRefGroup = 0CB546A71D45A892000FD9C0 /* Products */;
			projectDirPath = "";
			projectRoot = "";
			targets = (
				0CB546A51D45A892000FD9C0 /* FinalProject */,
			);
		};
/* End PBXProject section */

/* Begin PBXResourcesBuildPhase section */
		0CB546A41D45A892000FD9C0 /* Resources */ = {
			isa = PBXResourcesBuildPhase;
			buildActionMask = 2147483647;
			files = (
				0CB546B61D45A892000FD9C0 /* LaunchScreen.storyboard in Resources */,
				0CB546B31D45A892000FD9C0 /* Assets.xcassets in Resources */,
				0CB546B11D45A892000FD9C0 /* Main.storyboard in Resources */,
			);
			runOnlyForDeploymentPostprocessing = 0;
		};
/* End PBXResourcesBuildPhase section */

/* Begin PBXSourcesBuildPhase section */
		0CB546A21D45A892000FD9C0 /* Sources */ = {
			isa = PBXSourcesBuildPhase;
			buildActionMask = 2147483647;
			files = (
				0CB1B0B21D47E6AF00AC6BF5 /* Protocols.swift in Sources */,
				688380F71D4D345500341C96 /* TableView.swift in Sources */,
				688380F31D4D31F600341C96 /* Fetcher.swift in Sources */,
				0CB546AE1D45A892000FD9C0 /* SimulationViewController.swift in Sources */,
				68A322EE1D4BDDB200DEF1B0 /* GridView.swift in Sources */,
				0CB546BE1D45ACD5000FD9C0 /* Engine.swift in Sources */,
				688380F91D4D594400341C96 /* GridEditViewController.swift in Sources */,
				0CB3AEE81D4A9F4200452E10 /* StatisticsViewController.swift in Sources */,
				0CB546AA1D45A892000FD9C0 /* AppDelegate.swift in Sources */,
				0CB546AC1D45A892000FD9C0 /* InstrumentationViewController.swift in Sources */,
				688380F51D4D331800341C96 /* EditViewController.swift in Sources */,
			);
			runOnlyForDeploymentPostprocessing = 0;
		};
/* End PBXSourcesBuildPhase section */

/* Begin PBXVariantGroup section */
		0CB546AF1D45A892000FD9C0 /* Main.storyboard */ = {
			isa = PBXVariantGroup;
			children = (
				0CB546B01D45A892000FD9C0 /* Base */,
			);
			name = Main.storyboard;
			sourceTree = "<group>";
		};
		0CB546B41D45A892000FD9C0 /* LaunchScreen.storyboard */ = {
			isa = PBXVariantGroup;
			children = (
				0CB546B51D45A892000FD9C0 /* Base */,
			);
			name = LaunchScreen.storyboard;
			sourceTree = "<group>";
		};
/* End PBXVariantGroup section */

/* Begin XCBuildConfiguration section */
		0CB546B81D45A892000FD9C0 /* Debug */ = {
			isa = XCBuildConfiguration;
			buildSettings = {
				ALWAYS_SEARCH_USER_PATHS = NO;
				CLANG_ANALYZER_NONNULL = YES;
				CLANG_CXX_LANGUAGE_STANDARD = "gnu++0x";
				CLANG_CXX_LIBRARY = "libc++";
				CLANG_ENABLE_MODULES = YES;
				CLANG_ENABLE_OBJC_ARC = YES;
				CLANG_WARN_BOOL_CONVERSION = YES;
				CLANG_WARN_CONSTANT_CONVERSION = YES;
				CLANG_WARN_DIRECT_OBJC_ISA_USAGE = YES_ERROR;
				CLANG_WARN_EMPTY_BODY = YES;
				CLANG_WARN_ENUM_CONVERSION = YES;
				CLANG_WARN_INT_CONVERSION = YES;
				CLANG_WARN_OBJC_ROOT_CLASS = YES_ERROR;
				CLANG_WARN_UNREACHABLE_CODE = YES;
				CLANG_WARN__DUPLICATE_METHOD_MATCH = YES;
				"CODE_SIGN_IDENTITY[sdk=iphoneos*]" = "iPhone Developer";
				COPY_PHASE_STRIP = NO;
				DEBUG_INFORMATION_FORMAT = dwarf;
				ENABLE_STRICT_OBJC_MSGSEND = YES;
				ENABLE_TESTABILITY = YES;
				GCC_C_LANGUAGE_STANDARD = gnu99;
				GCC_DYNAMIC_NO_PIC = NO;
				GCC_NO_COMMON_BLOCKS = YES;
				GCC_OPTIMIZATION_LEVEL = 0;
				GCC_PREPROCESSOR_DEFINITIONS = (
					"DEBUG=1",
					"$(inherited)",
				);
				GCC_WARN_64_TO_32_BIT_CONVERSION = YES;
				GCC_WARN_ABOUT_RETURN_TYPE = YES_ERROR;
				GCC_WARN_UNDECLARED_SELECTOR = YES;
				GCC_WARN_UNINITIALIZED_AUTOS = YES_AGGRESSIVE;
				GCC_WARN_UNUSED_FUNCTION = YES;
				GCC_WARN_UNUSED_VARIABLE = YES;
				IPHONEOS_DEPLOYMENT_TARGET = 9.3;
				MTL_ENABLE_DEBUG_INFO = YES;
				ONLY_ACTIVE_ARCH = YES;
				SDKROOT = iphoneos;
				SWIFT_OPTIMIZATION_LEVEL = "-Onone";
				TARGETED_DEVICE_FAMILY = "1,2";
			};
			name = Debug;
		};
		0CB546B91D45A892000FD9C0 /* Release */ = {
			isa = XCBuildConfiguration;
			buildSettings = {
				ALWAYS_SEARCH_USER_PATHS = NO;
				CLANG_ANALYZER_NONNULL = YES;
				CLANG_CXX_LANGUAGE_STANDARD = "gnu++0x";
				CLANG_CXX_LIBRARY = "libc++";
				CLANG_ENABLE_MODULES = YES;
				CLANG_ENABLE_OBJC_ARC = YES;
				CLANG_WARN_BOOL_CONVERSION = YES;
				CLANG_WARN_CONSTANT_CONVERSION = YES;
				CLANG_WARN_DIRECT_OBJC_ISA_USAGE = YES_ERROR;
				CLANG_WARN_EMPTY_BODY = YES;
				CLANG_WARN_ENUM_CONVERSION = YES;
				CLANG_WARN_INT_CONVERSION = YES;
				CLANG_WARN_OBJC_ROOT_CLASS = YES_ERROR;
				CLANG_WARN_UNREACHABLE_CODE = YES;
				CLANG_WARN__DUPLICATE_METHOD_MATCH = YES;
				"CODE_SIGN_IDENTITY[sdk=iphoneos*]" = "iPhone Developer";
				COPY_PHASE_STRIP = NO;
				DEBUG_INFORMATION_FORMAT = "dwarf-with-dsym";
				ENABLE_NS_ASSERTIONS = NO;
				ENABLE_STRICT_OBJC_MSGSEND = YES;
				GCC_C_LANGUAGE_STANDARD = gnu99;
				GCC_NO_COMMON_BLOCKS = YES;
				GCC_WARN_64_TO_32_BIT_CONVERSION = YES;
				GCC_WARN_ABOUT_RETURN_TYPE = YES_ERROR;
				GCC_WARN_UNDECLARED_SELECTOR = YES;
				GCC_WARN_UNINITIALIZED_AUTOS = YES_AGGRESSIVE;
				GCC_WARN_UNUSED_FUNCTION = YES;
				GCC_WARN_UNUSED_VARIABLE = YES;
				IPHONEOS_DEPLOYMENT_TARGET = 9.3;
				MTL_ENABLE_DEBUG_INFO = NO;
				SDKROOT = iphoneos;
				TARGETED_DEVICE_FAMILY = "1,2";
				VALIDATE_PRODUCT = YES;
			};
			name = Release;
		};
		0CB546BB1D45A892000FD9C0 /* Debug */ = {
			isa = XCBuildConfiguration;
			buildSettings = {
				ASSETCATALOG_COMPILER_APPICON_NAME = AppIcon;
				INFOPLIST_FILE = FinalProject/Info.plist;
				LD_RUNPATH_SEARCH_PATHS = "$(inherited) @executable_path/Frameworks";
				PRODUCT_BUNDLE_IDENTIFIER = taby1.FinalProject;
				PRODUCT_NAME = "$(TARGET_NAME)";
			};
			name = Debug;
		};
		0CB546BC1D45A892000FD9C0 /* Release */ = {
			isa = XCBuildConfiguration;
			buildSettings = {
				ASSETCATALOG_COMPILER_APPICON_NAME = AppIcon;
				INFOPLIST_FILE = FinalProject/Info.plist;
				LD_RUNPATH_SEARCH_PATHS = "$(inherited) @executable_path/Frameworks";
				PRODUCT_BUNDLE_IDENTIFIER = taby1.FinalProject;
				PRODUCT_NAME = "$(TARGET_NAME)";
			};
			name = Release;
		};
/* End XCBuildConfiguration section */

/* Begin XCConfigurationList section */
		0CB546A11D45A892000FD9C0 /* Build configuration list for PBXProject "FinalProject" */ = {
			isa = XCConfigurationList;
			buildConfigurations = (
				0CB546B81D45A892000FD9C0 /* Debug */,
				0CB546B91D45A892000FD9C0 /* Release */,
			);
			defaultConfigurationIsVisible = 0;
			defaultConfigurationName = Release;
		};
		0CB546BA1D45A892000FD9C0 /* Build configuration list for PBXNativeTarget "FinalProject" */ = {
			isa = XCConfigurationList;
			buildConfigurations = (
				0CB546BB1D45A892000FD9C0 /* Debug */,
				0CB546BC1D45A892000FD9C0 /* Release */,
			);
			defaultConfigurationIsVisible = 0;
			defaultConfigurationName = Release;
		};
/* End XCConfigurationList section */
	};
	rootObject = 0CB5469E1D45A892000FD9C0 /* Project object */;
}
